// !$*UTF8*$!
{
	archiveVersion = 1;
	classes = {
	};
	objectVersion = 52;
	objects = {

/* Begin PBXBuildFile section */
		12E3561824BC36D500D806AA /* AppDelegate.swift in Sources */ = {isa = PBXBuildFile; fileRef = 12E3561724BC36D500D806AA /* AppDelegate.swift */; };
		12E3561C24BC36D500D806AA /* StartView.swift in Sources */ = {isa = PBXBuildFile; fileRef = 12E3561B24BC36D500D806AA /* StartView.swift */; };
		12E3561F24BC36D500D806AA /* Main.storyboard in Resources */ = {isa = PBXBuildFile; fileRef = 12E3561D24BC36D500D806AA /* Main.storyboard */; };
		12E3562124BC36D600D806AA /* Assets.xcassets in Resources */ = {isa = PBXBuildFile; fileRef = 12E3562024BC36D600D806AA /* Assets.xcassets */; };
		12E3562424BC36D600D806AA /* LaunchScreen.storyboard in Resources */ = {isa = PBXBuildFile; fileRef = 12E3562224BC36D600D806AA /* LaunchScreen.storyboard */; };
		12E3562E24BC469200D806AA /* IQKeyboardManagerSwift in Frameworks */ = {isa = PBXBuildFile; productRef = 12E3562D24BC469200D806AA /* IQKeyboardManagerSwift */; };
		12E3562F24BC5CFA00D806AA /* StoreCard.pkpass in Resources */ = {isa = PBXBuildFile; fileRef = 12E3562B24BC446A00D806AA /* StoreCard.pkpass */; };
		12E3563124BC62F200D806AA /* Cells.swift in Sources */ = {isa = PBXBuildFile; fileRef = 12E3563024BC62F200D806AA /* Cells.swift */; };
		12E3563324BC666D00D806AA /* Extensions.swift in Sources */ = {isa = PBXBuildFile; fileRef = 12E3563224BC666D00D806AA /* Extensions.swift */; };
		12E3563924BCCD0900D806AA /* Localizable.strings in Resources */ = {isa = PBXBuildFile; fileRef = 12E3563B24BCCD0900D806AA /* Localizable.strings */; };
/* End PBXBuildFile section */

/* Begin PBXFileReference section */
		12E3561424BC36D500D806AA /* BuisnessWallet.app */ = {isa = PBXFileReference; explicitFileType = wrapper.application; includeInIndex = 0; path = BuisnessWallet.app; sourceTree = BUILT_PRODUCTS_DIR; };
		12E3561724BC36D500D806AA /* AppDelegate.swift */ = {isa = PBXFileReference; lastKnownFileType = sourcecode.swift; path = AppDelegate.swift; sourceTree = "<group>"; };
		12E3561B24BC36D500D806AA /* StartView.swift */ = {isa = PBXFileReference; lastKnownFileType = sourcecode.swift; path = StartView.swift; sourceTree = "<group>"; };
		12E3561E24BC36D500D806AA /* Base */ = {isa = PBXFileReference; lastKnownFileType = file.storyboard; name = Base; path = Base.lproj/Main.storyboard; sourceTree = "<group>"; };
		12E3562024BC36D600D806AA /* Assets.xcassets */ = {isa = PBXFileReference; lastKnownFileType = folder.assetcatalog; path = Assets.xcassets; sourceTree = "<group>"; };
		12E3562324BC36D600D806AA /* Base */ = {isa = PBXFileReference; lastKnownFileType = file.storyboard; name = Base; path = Base.lproj/LaunchScreen.storyboard; sourceTree = "<group>"; };
		12E3562524BC36D600D806AA /* Info.plist */ = {isa = PBXFileReference; lastKnownFileType = text.plist.xml; path = Info.plist; sourceTree = "<group>"; };
		12E3562B24BC446A00D806AA /* StoreCard.pkpass */ = {isa = PBXFileReference; lastKnownFileType = file; path = StoreCard.pkpass; sourceTree = "<group>"; };
		12E3563024BC62F200D806AA /* Cells.swift */ = {isa = PBXFileReference; lastKnownFileType = sourcecode.swift; path = Cells.swift; sourceTree = "<group>"; };
		12E3563224BC666D00D806AA /* Extensions.swift */ = {isa = PBXFileReference; lastKnownFileType = sourcecode.swift; path = Extensions.swift; sourceTree = "<group>"; };
		12E3563A24BCCD0900D806AA /* en */ = {isa = PBXFileReference; lastKnownFileType = text.plist.strings; name = en; path = en.lproj/Localizable.strings; sourceTree = "<group>"; };
		12E3563C24BCCD2800D806AA /* de */ = {isa = PBXFileReference; lastKnownFileType = text.plist.strings; name = de; path = de.lproj/Localizable.strings; sourceTree = "<group>"; };
/* End PBXFileReference section */

/* Begin PBXFrameworksBuildPhase section */
		12E3561124BC36D500D806AA /* Frameworks */ = {
			isa = PBXFrameworksBuildPhase;
			buildActionMask = 2147483647;
			files = (
				12E3562E24BC469200D806AA /* IQKeyboardManagerSwift in Frameworks */,
			);
			runOnlyForDeploymentPostprocessing = 0;
		};
/* End PBXFrameworksBuildPhase section */

/* Begin PBXGroup section */
		12E3560B24BC36D500D806AA = {
			isa = PBXGroup;
			children = (
				12E3561624BC36D500D806AA /* BuisnessWallet */,
				12E3561524BC36D500D806AA /* Products */,
			);
			sourceTree = "<group>";
		};
		12E3561524BC36D500D806AA /* Products */ = {
			isa = PBXGroup;
			children = (
				12E3561424BC36D500D806AA /* BuisnessWallet.app */,
			);
			name = Products;
			sourceTree = "<group>";
		};
		12E3561624BC36D500D806AA /* BuisnessWallet */ = {
			isa = PBXGroup;
			children = (
				12E3563024BC62F200D806AA /* Cells.swift */,
				12E3561B24BC36D500D806AA /* StartView.swift */,
				12E3563224BC666D00D806AA /* Extensions.swift */,
				12E3561724BC36D500D806AA /* AppDelegate.swift */,
				12E3562224BC36D600D806AA /* LaunchScreen.storyboard */,
				12E3561D24BC36D500D806AA /* Main.storyboard */,
				12E3562024BC36D600D806AA /* Assets.xcassets */,
				12E3562B24BC446A00D806AA /* StoreCard.pkpass */,
				12E3563B24BCCD0900D806AA /* Localizable.strings */,
				12E3562524BC36D600D806AA /* Info.plist */,
			);
			path = BuisnessWallet;
			sourceTree = "<group>";
		};
/* End PBXGroup section */

/* Begin PBXNativeTarget section */
		12E3561324BC36D500D806AA /* BuisnessWallet */ = {
			isa = PBXNativeTarget;
			buildConfigurationList = 12E3562824BC36D600D806AA /* Build configuration list for PBXNativeTarget "BuisnessWallet" */;
			buildPhases = (
				12E3561024BC36D500D806AA /* Sources */,
				12E3561124BC36D500D806AA /* Frameworks */,
				12E3561224BC36D500D806AA /* Resources */,
			);
			buildRules = (
			);
			dependencies = (
			);
			name = BuisnessWallet;
			packageProductDependencies = (
				12E3562D24BC469200D806AA /* IQKeyboardManagerSwift */,
			);
			productName = BuisnessWallet;
			productReference = 12E3561424BC36D500D806AA /* BuisnessWallet.app */;
			productType = "com.apple.product-type.application";
		};
/* End PBXNativeTarget section */

/* Begin PBXProject section */
		12E3560C24BC36D500D806AA /* Project object */ = {
			isa = PBXProject;
			attributes = {
				LastSwiftUpdateCheck = 1200;
				LastUpgradeCheck = 1200;
				TargetAttributes = {
					12E3561324BC36D500D806AA = {
						CreatedOnToolsVersion = 12.0;
					};
				};
			};
			buildConfigurationList = 12E3560F24BC36D500D806AA /* Build configuration list for PBXProject "BuisnessWallet" */;
			compatibilityVersion = "Xcode 9.3";
			developmentRegion = en;
			hasScannedForEncodings = 0;
			knownRegions = (
				en,
				Base,
				de,
			);
			mainGroup = 12E3560B24BC36D500D806AA;
			packageReferences = (
				12E3562C24BC469200D806AA /* XCRemoteSwiftPackageReference "IQKeyboardManager" */,
			);
			productRefGroup = 12E3561524BC36D500D806AA /* Products */;
			projectDirPath = "";
			projectRoot = "";
			targets = (
				12E3561324BC36D500D806AA /* BuisnessWallet */,
			);
		};
/* End PBXProject section */

/* Begin PBXResourcesBuildPhase section */
		12E3561224BC36D500D806AA /* Resources */ = {
			isa = PBXResourcesBuildPhase;
			buildActionMask = 2147483647;
			files = (
				12E3562424BC36D600D806AA /* LaunchScreen.storyboard in Resources */,
				12E3562124BC36D600D806AA /* Assets.xcassets in Resources */,
				12E3561F24BC36D500D806AA /* Main.storyboard in Resources */,
				12E3563924BCCD0900D806AA /* Localizable.strings in Resources */,
				12E3562F24BC5CFA00D806AA /* StoreCard.pkpass in Resources */,
			);
			runOnlyForDeploymentPostprocessing = 0;
		};
/* End PBXResourcesBuildPhase section */

/* Begin PBXSourcesBuildPhase section */
		12E3561024BC36D500D806AA /* Sources */ = {
			isa = PBXSourcesBuildPhase;
			buildActionMask = 2147483647;
			files = (
				12E3561C24BC36D500D806AA /* StartView.swift in Sources */,
				12E3563124BC62F200D806AA /* Cells.swift in Sources */,
				12E3561824BC36D500D806AA /* AppDelegate.swift in Sources */,
				12E3563324BC666D00D806AA /* Extensions.swift in Sources */,
			);
			runOnlyForDeploymentPostprocessing = 0;
		};
/* End PBXSourcesBuildPhase section */

/* Begin PBXVariantGroup section */
		12E3561D24BC36D500D806AA /* Main.storyboard */ = {
			isa = PBXVariantGroup;
			children = (
				12E3561E24BC36D500D806AA /* Base */,
			);
			name = Main.storyboard;
			sourceTree = "<group>";
		};
		12E3562224BC36D600D806AA /* LaunchScreen.storyboard */ = {
			isa = PBXVariantGroup;
			children = (
				12E3562324BC36D600D806AA /* Base */,
			);
			name = LaunchScreen.storyboard;
			sourceTree = "<group>";
		};
		12E3563B24BCCD0900D806AA /* Localizable.strings */ = {
			isa = PBXVariantGroup;
			children = (
				12E3563A24BCCD0900D806AA /* en */,
				12E3563C24BCCD2800D806AA /* de */,
			);
			name = Localizable.strings;
			sourceTree = "<group>";
		};
/* End PBXVariantGroup section */

/* Begin XCBuildConfiguration section */
		12E3562624BC36D600D806AA /* Debug */ = {
			isa = XCBuildConfiguration;
			buildSettings = {
				ALWAYS_SEARCH_USER_PATHS = NO;
				CLANG_ANALYZER_LOCALIZABILITY_NONLOCALIZED = YES;
				CLANG_ANALYZER_NONNULL = YES;
				CLANG_ANALYZER_NUMBER_OBJECT_CONVERSION = YES_AGGRESSIVE;
				CLANG_CXX_LANGUAGE_STANDARD = "gnu++14";
				CLANG_CXX_LIBRARY = "libc++";
				CLANG_ENABLE_MODULES = YES;
				CLANG_ENABLE_OBJC_ARC = YES;
				CLANG_ENABLE_OBJC_WEAK = YES;
				CLANG_WARN_BLOCK_CAPTURE_AUTORELEASING = YES;
				CLANG_WARN_BOOL_CONVERSION = YES;
				CLANG_WARN_COMMA = YES;
				CLANG_WARN_CONSTANT_CONVERSION = YES;
				CLANG_WARN_DEPRECATED_OBJC_IMPLEMENTATIONS = YES;
				CLANG_WARN_DIRECT_OBJC_ISA_USAGE = YES_ERROR;
				CLANG_WARN_DOCUMENTATION_COMMENTS = YES;
				CLANG_WARN_EMPTY_BODY = YES;
				CLANG_WARN_ENUM_CONVERSION = YES;
				CLANG_WARN_INFINITE_RECURSION = YES;
				CLANG_WARN_INT_CONVERSION = YES;
				CLANG_WARN_NON_LITERAL_NULL_CONVERSION = YES;
				CLANG_WARN_OBJC_IMPLICIT_RETAIN_SELF = YES;
				CLANG_WARN_OBJC_LITERAL_CONVERSION = YES;
				CLANG_WARN_OBJC_ROOT_CLASS = YES_ERROR;
				CLANG_WARN_QUOTED_INCLUDE_IN_FRAMEWORK_HEADER = YES;
				CLANG_WARN_RANGE_LOOP_ANALYSIS = YES;
				CLANG_WARN_STRICT_PROTOTYPES = YES;
				CLANG_WARN_SUSPICIOUS_MOVE = YES;
				CLANG_WARN_UNGUARDED_AVAILABILITY = YES_AGGRESSIVE;
				CLANG_WARN_UNREACHABLE_CODE = YES;
				CLANG_WARN__DUPLICATE_METHOD_MATCH = YES;
				COPY_PHASE_STRIP = NO;
				DEBUG_INFORMATION_FORMAT = dwarf;
				ENABLE_STRICT_OBJC_MSGSEND = YES;
				ENABLE_TESTABILITY = YES;
				GCC_C_LANGUAGE_STANDARD = gnu11;
				GCC_DYNAMIC_NO_PIC = NO;
				GCC_NO_COMMON_BLOCKS = YES;
				GCC_OPTIMIZATION_LEVEL = 0;
				GCC_PREPROCESSOR_DEFINITIONS = (
					"DEBUG=1",
					"$(inherited)",
				);
				GCC_WARN_64_TO_32_BIT_CONVERSION = YES;
				GCC_WARN_ABOUT_RETURN_TYPE = YES_ERROR;
				GCC_WARN_UNDECLARED_SELECTOR = YES;
				GCC_WARN_UNINITIALIZED_AUTOS = YES_AGGRESSIVE;
				GCC_WARN_UNUSED_FUNCTION = YES;
				GCC_WARN_UNUSED_VARIABLE = YES;
				IPHONEOS_DEPLOYMENT_TARGET = 14.0;
				MTL_ENABLE_DEBUG_INFO = INCLUDE_SOURCE;
				MTL_FAST_MATH = YES;
				ONLY_ACTIVE_ARCH = YES;
				SDKROOT = iphoneos;
				SWIFT_ACTIVE_COMPILATION_CONDITIONS = DEBUG;
				SWIFT_OPTIMIZATION_LEVEL = "-Onone";
			};
			name = Debug;
		};
		12E3562724BC36D600D806AA /* Release */ = {
			isa = XCBuildConfiguration;
			buildSettings = {
				ALWAYS_SEARCH_USER_PATHS = NO;
				CLANG_ANALYZER_LOCALIZABILITY_NONLOCALIZED = YES;
				CLANG_ANALYZER_NONNULL = YES;
				CLANG_ANALYZER_NUMBER_OBJECT_CONVERSION = YES_AGGRESSIVE;
				CLANG_CXX_LANGUAGE_STANDARD = "gnu++14";
				CLANG_CXX_LIBRARY = "libc++";
				CLANG_ENABLE_MODULES = YES;
				CLANG_ENABLE_OBJC_ARC = YES;
				CLANG_ENABLE_OBJC_WEAK = YES;
				CLANG_WARN_BLOCK_CAPTURE_AUTORELEASING = YES;
				CLANG_WARN_BOOL_CONVERSION = YES;
				CLANG_WARN_COMMA = YES;
				CLANG_WARN_CONSTANT_CONVERSION = YES;
				CLANG_WARN_DEPRECATED_OBJC_IMPLEMENTATIONS = YES;
				CLANG_WARN_DIRECT_OBJC_ISA_USAGE = YES_ERROR;
				CLANG_WARN_DOCUMENTATION_COMMENTS = YES;
				CLANG_WARN_EMPTY_BODY = YES;
				CLANG_WARN_ENUM_CONVERSION = YES;
				CLANG_WARN_INFINITE_RECURSION = YES;
				CLANG_WARN_INT_CONVERSION = YES;
				CLANG_WARN_NON_LITERAL_NULL_CONVERSION = YES;
				CLANG_WARN_OBJC_IMPLICIT_RETAIN_SELF = YES;
				CLANG_WARN_OBJC_LITERAL_CONVERSION = YES;
				CLANG_WARN_OBJC_ROOT_CLASS = YES_ERROR;
				CLANG_WARN_QUOTED_INCLUDE_IN_FRAMEWORK_HEADER = YES;
				CLANG_WARN_RANGE_LOOP_ANALYSIS = YES;
				CLANG_WARN_STRICT_PROTOTYPES = YES;
				CLANG_WARN_SUSPICIOUS_MOVE = YES;
				CLANG_WARN_UNGUARDED_AVAILABILITY = YES_AGGRESSIVE;
				CLANG_WARN_UNREACHABLE_CODE = YES;
				CLANG_WARN__DUPLICATE_METHOD_MATCH = YES;
				COPY_PHASE_STRIP = NO;
				DEBUG_INFORMATION_FORMAT = "dwarf-with-dsym";
				ENABLE_NS_ASSERTIONS = NO;
				ENABLE_STRICT_OBJC_MSGSEND = YES;
				GCC_C_LANGUAGE_STANDARD = gnu11;
				GCC_NO_COMMON_BLOCKS = YES;
				GCC_WARN_64_TO_32_BIT_CONVERSION = YES;
				GCC_WARN_ABOUT_RETURN_TYPE = YES_ERROR;
				GCC_WARN_UNDECLARED_SELECTOR = YES;
				GCC_WARN_UNINITIALIZED_AUTOS = YES_AGGRESSIVE;
				GCC_WARN_UNUSED_FUNCTION = YES;
				GCC_WARN_UNUSED_VARIABLE = YES;
				IPHONEOS_DEPLOYMENT_TARGET = 14.0;
				MTL_ENABLE_DEBUG_INFO = NO;
				MTL_FAST_MATH = YES;
				SDKROOT = iphoneos;
				SWIFT_COMPILATION_MODE = wholemodule;
				SWIFT_OPTIMIZATION_LEVEL = "-O";
				VALIDATE_PRODUCT = YES;
			};
			name = Release;
		};
		12E3562924BC36D600D806AA /* Debug */ = {
			isa = XCBuildConfiguration;
			buildSettings = {
				ASSETCATALOG_COMPILER_APPICON_NAME = AppIcon;
				ASSETCATALOG_COMPILER_GLOBAL_ACCENT_COLOR_NAME = AccentColor;
				CODE_SIGN_STYLE = Automatic;
				DEVELOPMENT_TEAM = AXLC3PQNC8;
				INFOPLIST_FILE = BuisnessWallet/Info.plist;
				LD_RUNPATH_SEARCH_PATHS = (
					"$(inherited)",
					"@executable_path/Frameworks",
				);
				MARKETING_VERSION = 1.0.0;
				PRODUCT_BUNDLE_IDENTIFIER = eu.deltasiege.BuisnessWallet;
				PRODUCT_NAME = "$(TARGET_NAME)";
				SWIFT_VERSION = 5.0;
				TARGETED_DEVICE_FAMILY = 1;
			};
			name = Debug;
		};
		12E3562A24BC36D600D806AA /* Release */ = {
			isa = XCBuildConfiguration;
			buildSettings = {
				ASSETCATALOG_COMPILER_APPICON_NAME = AppIcon;
				ASSETCATALOG_COMPILER_GLOBAL_ACCENT_COLOR_NAME = AccentColor;
				CODE_SIGN_STYLE = Automatic;
				DEVELOPMENT_TEAM = AXLC3PQNC8;
				INFOPLIST_FILE = BuisnessWallet/Info.plist;
				LD_RUNPATH_SEARCH_PATHS = (
					"$(inherited)",
					"@executable_path/Frameworks",
				);
				MARKETING_VERSION = 1.0.0;
				PRODUCT_BUNDLE_IDENTIFIER = eu.deltasiege.BuisnessWallet;
				PRODUCT_NAME = "$(TARGET_NAME)";
				SWIFT_VERSION = 5.0;
				TARGETED_DEVICE_FAMILY = 1;
			};
			name = Release;
		};
/* End XCBuildConfiguration section */

/* Begin XCConfigurationList section */
		12E3560F24BC36D500D806AA /* Build configuration list for PBXProject "BuisnessWallet" */ = {
			isa = XCConfigurationList;
			buildConfigurations = (
				12E3562624BC36D600D806AA /* Debug */,
				12E3562724BC36D600D806AA /* Release */,
			);
			defaultConfigurationIsVisible = 0;
			defaultConfigurationName = Release;
		};
		12E3562824BC36D600D806AA /* Build configuration list for PBXNativeTarget "BuisnessWallet" */ = {
			isa = XCConfigurationList;
			buildConfigurations = (
				12E3562924BC36D600D806AA /* Debug */,
				12E3562A24BC36D600D806AA /* Release */,
			);
			defaultConfigurationIsVisible = 0;
			defaultConfigurationName = Release;
		};
/* End XCConfigurationList section */

/* Begin XCRemoteSwiftPackageReference section */
		12E3562C24BC469200D806AA /* XCRemoteSwiftPackageReference "IQKeyboardManager" */ = {
			isa = XCRemoteSwiftPackageReference;
			repositoryURL = "https://github.com/hackiftekhar/IQKeyboardManager.git";
			requirement = {
				kind = upToNextMajorVersion;
				minimumVersion = 6.5.5;
			};
		};
/* End XCRemoteSwiftPackageReference section */

/* Begin XCSwiftPackageProductDependency section */
		12E3562D24BC469200D806AA /* IQKeyboardManagerSwift */ = {
			isa = XCSwiftPackageProductDependency;
			package = 12E3562C24BC469200D806AA /* XCRemoteSwiftPackageReference "IQKeyboardManager" */;
			productName = IQKeyboardManagerSwift;
		};
/* End XCSwiftPackageProductDependency section */
	};
	rootObject = 12E3560C24BC36D500D806AA /* Project object */;
}
